
Microsoft Visual Studio Solution File, Format Version 12.00
# Visual Studio Version 17
VisualStudioVersion = 17.1.32210.238
MinimumVisualStudioVersion = 10.0.40219.1
Project("{9A19103F-16F7-4668-BE54-9A1E7A4F7556}") = "DataModel", "DataModel\DataModel.csproj", "{BA031700-CF1B-4283-96B3-B682E786C77F}"
EndProject
Project("{9A19103F-16F7-4668-BE54-9A1E7A4F7556}") = "UI", "UI\UI.csproj", "{650FE6E6-7A83-412D-878F-14EF0E63933C}"
EndProject
Project("{FAE04EC0-301F-11D3-BF4B-00C04F79EFBC}") = "BLL", "BLL\BLL.csproj", "{CDFB4797-B591-4364-8327-1F4648AA624A}"
EndProject
Global
	GlobalSection(SolutionConfigurationPlatforms) = preSolution
		Debug|Any CPU = Debug|Any CPU
		Release|Any CPU = Release|Any CPU
	EndGlobalSection
	GlobalSection(ProjectConfigurationPlatforms) = postSolution
		{BA031700-CF1B-4283-96B3-B682E786C77F}.Debug|Any CPU.ActiveCfg = Debug|Any CPU
		{BA031700-CF1B-4283-96B3-B682E786C77F}.Debug|Any CPU.Build.0 = Debug|Any CPU
		{BA031700-CF1B-4283-96B3-B682E786C77F}.Release|Any CPU.ActiveCfg = Release|Any CPU
		{BA031700-CF1B-4283-96B3-B682E786C77F}.Release|Any CPU.Build.0 = Release|Any CPU
		{650FE6E6-7A83-412D-878F-14EF0E63933C}.Debug|Any CPU.ActiveCfg = Debug|Any CPU
		{650FE6E6-7A83-412D-878F-14EF0E63933C}.Debug|Any CPU.Build.0 = Debug|Any CPU
		{650FE6E6-7A83-412D-878F-14EF0E63933C}.Release|Any CPU.ActiveCfg = Release|Any CPU
		{650FE6E6-7A83-412D-878F-14EF0E63933C}.Release|Any CPU.Build.0 = Release|Any CPU
		{CDFB4797-B591-4364-8327-1F4648AA624A}.Debug|Any CPU.ActiveCfg = Debug|Any CPU
		{CDFB4797-B591-4364-8327-1F4648AA624A}.Debug|Any CPU.Build.0 = Debug|Any CPU
		{CDFB4797-B591-4364-8327-1F4648AA624A}.Release|Any CPU.ActiveCfg = Release|Any CPU
		{CDFB4797-B591-4364-8327-1F4648AA624A}.Release|Any CPU.Build.0 = Release|Any CPU
	EndGlobalSection
	GlobalSection(SolutionProperties) = preSolution
		HideSolutionNode = FALSE
	EndGlobalSection
	GlobalSection(ExtensibilityGlobals) = postSolution
		SolutionGuid = {C6BB3FCD-808F-4E3B-81A4-B0F54CC32A0E}
	EndGlobalSection
EndGlobal
